# THIS IS AN AUTOGENERATED FILE. DO NOT EDIT THIS FILE DIRECTLY.
# yarn lockfile v1


hasha@^3.0.0:
  version "3.0.0"
  resolved "https://registry.yarnpkg.com/hasha/-/hasha-3.0.0.tgz#52a32fab8569d41ca69a61ff1a214f8eb7c8bd39"
  dependencies:
    is-stream "^1.0.1"

is-stream@^1.0.1:
  version "1.1.0"
  resolved "https://registry.yarnpkg.com/is-stream/-/is-stream-1.1.0.tgz#12d4a3dd4e68e0b79ceb8dbc84173ae80d91ca44"
